
Microsoft Visual Studio Solution File, Format Version 11.00
# Visual Studio 2010
Project("{FAE04EC0-301F-11D3-BF4B-00C04F79EFBC}") = "TheCodeKing.ObjectAutoBuilder.Test", "TheCodeKing.ObjectAutoBuilder.Test\TheCodeKing.ObjectAutoBuilder.Test.csproj", "{1F676C1B-87E4-4E3A-894A-668F698D5E9D}"
EndProject
Project("{FAE04EC0-301F-11D3-BF4B-00C04F79EFBC}") = "TheCodeKing.ObjectAutoBuilder", "TheCodeKing.ObjectAutoBuilder\TheCodeKing.ObjectAutoBuilder.csproj", "{90356EED-33B4-4398-98F3-1AFB807EAF07}"
EndProject
Global
	GlobalSection(SolutionConfigurationPlatforms) = preSolution
		Debug|Any CPU = Debug|Any CPU
		Release|Any CPU = Release|Any CPU
	EndGlobalSection
	GlobalSection(ProjectConfigurationPlatforms) = postSolution
		{1F676C1B-87E4-4E3A-894A-668F698D5E9D}.Debug|Any CPU.ActiveCfg = Debug|Any CPU
		{1F676C1B-87E4-4E3A-894A-668F698D5E9D}.Debug|Any CPU.Build.0 = Debug|Any CPU
		{1F676C1B-87E4-4E3A-894A-668F698D5E9D}.Release|Any CPU.ActiveCfg = Release|Any CPU
		{1F676C1B-87E4-4E3A-894A-668F698D5E9D}.Release|Any CPU.Build.0 = Release|Any CPU
		{90356EED-33B4-4398-98F3-1AFB807EAF07}.Debug|Any CPU.ActiveCfg = Debug|Any CPU
		{90356EED-33B4-4398-98F3-1AFB807EAF07}.Debug|Any CPU.Build.0 = Debug|Any CPU
		{90356EED-33B4-4398-98F3-1AFB807EAF07}.Release|Any CPU.ActiveCfg = Release|Any CPU
		{90356EED-33B4-4398-98F3-1AFB807EAF07}.Release|Any CPU.Build.0 = Release|Any CPU
	EndGlobalSection
	GlobalSection(SolutionProperties) = preSolution
		HideSolutionNode = FALSE
	EndGlobalSection
EndGlobal
